
Microsoft Visual Studio Solution File, Format Version 12.00
# Visual Studio Version 17
VisualStudioVersion = 17.5.33424.131
MinimumVisualStudioVersion = 10.0.40219.1
Project("{9A19103F-16F7-4668-BE54-9A1E7A4F7556}") = "Practice4", "Practice4\Practice4.csproj", "{E0D9BAD1-BB17-4308-8190-1B3DE32DB267}"
EndProject
Project("{FAE04EC0-301F-11D3-BF4B-00C04F79EFBC}") = "Practice5", "Practice5\Practice5.csproj", "{6AD64477-BEC8-4AAE-B540-F4AA2418C2A8}"
EndProject
Project("{9A19103F-16F7-4668-BE54-9A1E7A4F7556}") = "Practice6", "Practice6\Practice6.csproj", "{A7BE4BAF-15C0-4543-ACCF-B24AF5EBF3B6}"
EndProject
Project("{FAE04EC0-301F-11D3-BF4B-00C04F79EFBC}") = "MyTetris", "MyTetris\MyTetris.csproj", "{F6A096B0-813B-468B-B5C7-FB945F4FC80F}"
EndProject
Global
	GlobalSection(SolutionConfigurationPlatforms) = preSolution
		Debug|Any CPU = Debug|Any CPU
		Release|Any CPU = Release|Any CPU
	EndGlobalSection
	GlobalSection(ProjectConfigurationPlatforms) = postSolution
		{E0D9BAD1-BB17-4308-8190-1B3DE32DB267}.Debug|Any CPU.ActiveCfg = Debug|Any CPU
		{E0D9BAD1-BB17-4308-8190-1B3DE32DB267}.Debug|Any CPU.Build.0 = Debug|Any CPU
		{E0D9BAD1-BB17-4308-8190-1B3DE32DB267}.Release|Any CPU.ActiveCfg = Release|Any CPU
		{E0D9BAD1-BB17-4308-8190-1B3DE32DB267}.Release|Any CPU.Build.0 = Release|Any CPU
		{6AD64477-BEC8-4AAE-B540-F4AA2418C2A8}.Debug|Any CPU.ActiveCfg = Debug|Any CPU
		{6AD64477-BEC8-4AAE-B540-F4AA2418C2A8}.Debug|Any CPU.Build.0 = Debug|Any CPU
		{6AD64477-BEC8-4AAE-B540-F4AA2418C2A8}.Release|Any CPU.ActiveCfg = Release|Any CPU
		{6AD64477-BEC8-4AAE-B540-F4AA2418C2A8}.Release|Any CPU.Build.0 = Release|Any CPU
		{A7BE4BAF-15C0-4543-ACCF-B24AF5EBF3B6}.Debug|Any CPU.ActiveCfg = Debug|Any CPU
		{A7BE4BAF-15C0-4543-ACCF-B24AF5EBF3B6}.Debug|Any CPU.Build.0 = Debug|Any CPU
		{A7BE4BAF-15C0-4543-ACCF-B24AF5EBF3B6}.Release|Any CPU.ActiveCfg = Release|Any CPU
		{A7BE4BAF-15C0-4543-ACCF-B24AF5EBF3B6}.Release|Any CPU.Build.0 = Release|Any CPU
		{F6A096B0-813B-468B-B5C7-FB945F4FC80F}.Debug|Any CPU.ActiveCfg = Debug|Any CPU
		{F6A096B0-813B-468B-B5C7-FB945F4FC80F}.Debug|Any CPU.Build.0 = Debug|Any CPU
		{F6A096B0-813B-468B-B5C7-FB945F4FC80F}.Release|Any CPU.ActiveCfg = Release|Any CPU
		{F6A096B0-813B-468B-B5C7-FB945F4FC80F}.Release|Any CPU.Build.0 = Release|Any CPU
	EndGlobalSection
	GlobalSection(SolutionProperties) = preSolution
		HideSolutionNode = FALSE
	EndGlobalSection
	GlobalSection(ExtensibilityGlobals) = postSolution
		SolutionGuid = {62909C03-D6C2-463E-8971-2910C46A1EF4}
	EndGlobalSection
EndGlobal
